# @generated by Move, please check-in and do not edit manually.

[move]
version = 3
manifest_digest = "078894BCCECCAFBD1AE8FF28C2C2C60B5F9846D004934DB69F1A8403F58C899F"
deps_digest = "F8BBB0CCB2491CA29A3DF03D6F92277A4F3574266507ACD77214D37ECA3F3082"
dependencies = [
  { id = "Sui", name = "Sui" },
]

[[move.package]]
id = "MoveStdlib"
source = { git = "https://github.com/MystenLabs/sui.git", rev = "framework/mainnet", subdir = "crates/sui-framework/packages/move-stdlib" }

[[move.package]]
id = "Sui"
source = { git = "https://github.com/MystenLabs/sui.git", rev = "framework/mainnet", subdir = "crates/sui-framework/packages/sui-framework" }

dependencies = [
  { id = "MoveStdlib", name = "MoveStdlib" },
]

[move.toolchain-version]
compiler-version = "1.38.0"
edition = "2024.beta"
flavor = "sui"

[env]

[env.testnet]
chain-id = "4c78adac"
original-published-id = "0xdc446cf5f970df0065c4e3b51051f8eb72f0a428bcf68878a6ea70df4445d5d6"
latest-published-id = "0xdc446cf5f970df0065c4e3b51051f8eb72f0a428bcf68878a6ea70df4445d5d6"
published-version = "1"

[env.mainnet]
chain-id = "35834a8a"
original-published-id = "0x8a86c190c2e0fcd2c4bdfa4c2de02ec7f7a7cedf641a7ed8784beedd0004b074"
latest-published-id = "0x8a86c190c2e0fcd2c4bdfa4c2de02ec7f7a7cedf641a7ed8784beedd0004b074"
published-version = "1"
