# @generated by Move, please check-in and do not edit manually.

[move]
version = 3
manifest_digest = "590F28AE7B288D644FDAF41CDE9ABD8B0A1C8A095B978B8D81576C2FF9603D4C"
deps_digest = "F8BBB0CCB2491CA29A3DF03D6F92277A4F3574266507ACD77214D37ECA3F3082"
dependencies = [
  { id = "Sui", name = "Sui" },
]

[[move.package]]
id = "MoveStdlib"
source = { git = "https://github.com/MystenLabs/sui.git", rev = "framework/mainnet", subdir = "crates/sui-framework/packages/move-stdlib" }

[[move.package]]
id = "Sui"
source = { git = "https://github.com/MystenLabs/sui.git", rev = "framework/mainnet", subdir = "crates/sui-framework/packages/sui-framework" }

dependencies = [
  { id = "MoveStdlib", name = "MoveStdlib" },
]

[move.toolchain-version]
compiler-version = "1.38.0"
edition = "2024.beta"
flavor = "sui"

[env]

[env.testnet]
chain-id = "4c78adac"
original-published-id = "0xdc446cf5f970df0065c4e3b51051f8eb72f0a428bcf68878a6ea70df4445d5d6"
latest-published-id = "0xdc446cf5f970df0065c4e3b51051f8eb72f0a428bcf68878a6ea70df4445d5d6"
published-version = "1"

[env.mainnet]
chain-id = "35834a8a"
original-published-id = "0x37cecf69c4f007b43481ca588fb9c91473d13bb3d96b9155a176d7b6af007a25"
latest-published-id = "0x10a7e65fcd0c395154d34a86004b5f5d52b4ecc66d273c308835c59c55209c7e"
published-version = "3"
